
Microsoft Visual Studio Solution File, Format Version 12.00
# Visual Studio Version 17
VisualStudioVersion = 17.12.35707.178 d17.12
MinimumVisualStudioVersion = 10.0.40219.1
Project("{FAE04EC0-301F-11D3-BF4B-00C04F79EFBC}") = "Tic_tac_toe_game", "Tic_tac_toe_game\Tic_tac_toe_game.csproj", "{2D2FE5D3-3BFC-4092-A135-5918755A608B}"
EndProject
Global
	GlobalSection(SolutionConfigurationPlatforms) = preSolution
		Debug|Any CPU = Debug|Any CPU
		Release|Any CPU = Release|Any CPU
	EndGlobalSection
	GlobalSection(ProjectConfigurationPlatforms) = postSolution
		{2D2FE5D3-3BFC-4092-A135-5918755A608B}.Debug|Any CPU.ActiveCfg = Debug|Any CPU
		{2D2FE5D3-3BFC-4092-A135-5918755A608B}.Debug|Any CPU.Build.0 = Debug|Any CPU
		{2D2FE5D3-3BFC-4092-A135-5918755A608B}.Release|Any CPU.ActiveCfg = Release|Any CPU
		{2D2FE5D3-3BFC-4092-A135-5918755A608B}.Release|Any CPU.Build.0 = Release|Any CPU
	EndGlobalSection
	GlobalSection(SolutionProperties) = preSolution
		HideSolutionNode = FALSE
	EndGlobalSection
EndGlobal
